
Microsoft Visual Studio Solution File, Format Version 12.00
# Visual Studio 2012
Project("{2150E333-8FDC-42A3-9474-1A3956D46DE8}") = "UI", "UI", "{1B5EDE08-21A6-43FC-A781-BB8BC03B221F}"
EndProject
Project("{2150E333-8FDC-42A3-9474-1A3956D46DE8}") = "Installers", "Installers", "{6EAB3BC9-A018-4BFE-8CE5-C957B5384858}"
EndProject
Project("{2150E333-8FDC-42A3-9474-1A3956D46DE8}") = "Server", "Server", "{1A7FA13E-17EE-4E0C-84A9-E34D17460CAC}"
EndProject
Project("{2150E333-8FDC-42A3-9474-1A3956D46DE8}") = "Modules", "Modules", "{7DF73DD4-2A65-47B2-BD34-350B7082468D}"
EndProject
Project("{FAE04EC0-301F-11D3-BF4B-00C04F79EFBC}") = "DV.TeleCallerHelper.SearchHelpers", "UI\Modules\DV.TeleCallerHelper.SearchHelpers\DV.TeleCallerHelper.SearchHelpers.csproj", "{904AEFE5-3470-4C56-A7CD-70E1B5E0EF64}"
EndProject
Project("{FAE04EC0-301F-11D3-BF4B-00C04F79EFBC}") = "DV.TeleCallerHelper.Shell", "UI\DV.TeleCallerHelper.Shell\DV.TeleCallerHelper.Shell.csproj", "{D336009D-51F3-4834-BA7D-85B989FB5BC4}"
EndProject
Project("{FAE04EC0-301F-11D3-BF4B-00C04F79EFBC}") = "DV.TeleCallerHelper.Common", "UI\DV.TeleCallerHelper.Common\DV.TeleCallerHelper.Common.csproj", "{5F3C7D38-E2BC-4EE9-8BC6-DBED3BE0B62E}"
EndProject
Project("{FAE04EC0-301F-11D3-BF4B-00C04F79EFBC}") = "DV.TeleCallerHelper.Reports", "UI\Modules\DV.TeleCallerHelper.Reports\DV.TeleCallerHelper.Reports.csproj", "{5CB8BA5B-8D31-495B-A495-641B9457F983}"
EndProject
Project("{2150E333-8FDC-42A3-9474-1A3956D46DE8}") = "Core", "Core", "{BAC5A29F-7DD7-415C-B31F-CFB82CE627DD}"
EndProject
Project("{FAE04EC0-301F-11D3-BF4B-00C04F79EFBC}") = "DV.Core", "Core\DV.Core\DV.Core.csproj", "{B9417C93-6C76-41BE-9AC9-45FAE5D22CA7}"
EndProject
Project("{2150E333-8FDC-42A3-9474-1A3956D46DE8}") = "DataAccess", "DataAccess", "{25A3EEBB-26AE-425D-8020-FAC5641C8DFA}"
EndProject
Project("{FAE04EC0-301F-11D3-BF4B-00C04F79EFBC}") = "DV.DataProvider", "Server\DataAccess\DV.DataProvider\DV.DataProvider.csproj", "{70622F41-FFE3-4DDF-9587-7DDEC70616DC}"
EndProject
Project("{FAE04EC0-301F-11D3-BF4B-00C04F79EFBC}") = "DV.Manager", "Server\DataAccess\DV.Manager\DV.Manager.csproj", "{BC25F1A1-134A-474D-8382-CDF95D8D6025}"
EndProject
Project("{2150E333-8FDC-42A3-9474-1A3956D46DE8}") = "Tests", "Tests", "{423502BE-5BAE-49F0-BBF3-E3CB5461613A}"
EndProject
Project("{2150E333-8FDC-42A3-9474-1A3956D46DE8}") = "BusinessAccess", "BusinessAccess", "{F227C109-26F6-4E6B-90A7-2B4F4151BB13}"
EndProject
Project("{FAE04EC0-301F-11D3-BF4B-00C04F79EFBC}") = "DV.TeleCallerHelper.Admin", "UI\Modules\DV.TeleCallerHelper.Admin\DV.TeleCallerHelper.Admin.csproj", "{17037F71-18D0-495B-8CBE-6A9E36B372C7}"
EndProject
Project("{FAE04EC0-301F-11D3-BF4B-00C04F79EFBC}") = "Dv.BusinessLogic", "Server\BusinessLogic\Dv.BusinessLogic\Dv.BusinessLogic.csproj", "{D3BCE467-5FF1-435F-87CC-EA09BF5EAFF3}"
EndProject
Project("{2150E333-8FDC-42A3-9474-1A3956D46DE8}") = "Tools", "Tools", "{99803B49-7EA3-4AE4-9357-143BE0899E89}"
EndProject
Project("{2150E333-8FDC-42A3-9474-1A3956D46DE8}") = "SMS", "SMS", "{5E7F0058-2824-4FAF-972C-6E431429D0B9}"
EndProject
Project("{2150E333-8FDC-42A3-9474-1A3956D46DE8}") = "WebAdminUI", "WebAdminUI", "{4A8AAECD-C5F1-430E-8381-29508C544C69}"
EndProject
Project("{FAE04EC0-301F-11D3-BF4B-00C04F79EFBC}") = "DV.Admin.UI", "Tools\WebAdminUI\DV.Admin.UI\DV.Admin.UI.csproj", "{95CBC2F1-8F41-4DE1-BFF5-C791608DB888}"
EndProject
Project("{2150E333-8FDC-42A3-9474-1A3956D46DE8}") = "Controls", "Controls", "{0112369F-0DFC-4D9C-9992-127C7F3D2B95}"
EndProject
Project("{FAE04EC0-301F-11D3-BF4B-00C04F79EFBC}") = "DV.Controls", "UI\Controls\DV.Controls\DV.Controls.csproj", "{647B327E-57CB-4B07-B6C7-CB3ABB083938}"
EndProject
Global
	GlobalSection(SolutionConfigurationPlatforms) = preSolution
		Debug|Any CPU = Debug|Any CPU
		Debug|Mixed Platforms = Debug|Mixed Platforms
		Debug|x86 = Debug|x86
		Release|Any CPU = Release|Any CPU
		Release|Mixed Platforms = Release|Mixed Platforms
		Release|x86 = Release|x86
	EndGlobalSection
	GlobalSection(ProjectConfigurationPlatforms) = postSolution
		{904AEFE5-3470-4C56-A7CD-70E1B5E0EF64}.Debug|Any CPU.ActiveCfg = Debug|Any CPU
		{904AEFE5-3470-4C56-A7CD-70E1B5E0EF64}.Debug|Any CPU.Build.0 = Debug|Any CPU
		{904AEFE5-3470-4C56-A7CD-70E1B5E0EF64}.Debug|Mixed Platforms.ActiveCfg = Debug|Any CPU
		{904AEFE5-3470-4C56-A7CD-70E1B5E0EF64}.Debug|Mixed Platforms.Build.0 = Debug|Any CPU
		{904AEFE5-3470-4C56-A7CD-70E1B5E0EF64}.Debug|x86.ActiveCfg = Debug|Any CPU
		{904AEFE5-3470-4C56-A7CD-70E1B5E0EF64}.Debug|x86.Build.0 = Debug|Any CPU
		{904AEFE5-3470-4C56-A7CD-70E1B5E0EF64}.Release|Any CPU.ActiveCfg = Release|Any CPU
		{904AEFE5-3470-4C56-A7CD-70E1B5E0EF64}.Release|Any CPU.Build.0 = Release|Any CPU
		{904AEFE5-3470-4C56-A7CD-70E1B5E0EF64}.Release|Mixed Platforms.ActiveCfg = Release|Any CPU
		{904AEFE5-3470-4C56-A7CD-70E1B5E0EF64}.Release|Mixed Platforms.Build.0 = Release|Any CPU
		{904AEFE5-3470-4C56-A7CD-70E1B5E0EF64}.Release|x86.ActiveCfg = Release|Any CPU
		{D336009D-51F3-4834-BA7D-85B989FB5BC4}.Debug|Any CPU.ActiveCfg = Debug|x86
		{D336009D-51F3-4834-BA7D-85B989FB5BC4}.Debug|Mixed Platforms.ActiveCfg = Debug|x86
		{D336009D-51F3-4834-BA7D-85B989FB5BC4}.Debug|Mixed Platforms.Build.0 = Debug|x86
		{D336009D-51F3-4834-BA7D-85B989FB5BC4}.Debug|x86.ActiveCfg = Debug|x86
		{D336009D-51F3-4834-BA7D-85B989FB5BC4}.Debug|x86.Build.0 = Debug|x86
		{D336009D-51F3-4834-BA7D-85B989FB5BC4}.Release|Any CPU.ActiveCfg = Release|x86
		{D336009D-51F3-4834-BA7D-85B989FB5BC4}.Release|Mixed Platforms.ActiveCfg = Release|x86
		{D336009D-51F3-4834-BA7D-85B989FB5BC4}.Release|Mixed Platforms.Build.0 = Release|x86
		{D336009D-51F3-4834-BA7D-85B989FB5BC4}.Release|x86.ActiveCfg = Release|x86
		{D336009D-51F3-4834-BA7D-85B989FB5BC4}.Release|x86.Build.0 = Release|x86
		{5F3C7D38-E2BC-4EE9-8BC6-DBED3BE0B62E}.Debug|Any CPU.ActiveCfg = Debug|Any CPU
		{5F3C7D38-E2BC-4EE9-8BC6-DBED3BE0B62E}.Debug|Any CPU.Build.0 = Debug|Any CPU
		{5F3C7D38-E2BC-4EE9-8BC6-DBED3BE0B62E}.Debug|Mixed Platforms.ActiveCfg = Debug|Any CPU
		{5F3C7D38-E2BC-4EE9-8BC6-DBED3BE0B62E}.Debug|Mixed Platforms.Build.0 = Debug|Any CPU
		{5F3C7D38-E2BC-4EE9-8BC6-DBED3BE0B62E}.Debug|x86.ActiveCfg = Debug|Any CPU
		{5F3C7D38-E2BC-4EE9-8BC6-DBED3BE0B62E}.Debug|x86.Build.0 = Debug|Any CPU
		{5F3C7D38-E2BC-4EE9-8BC6-DBED3BE0B62E}.Release|Any CPU.ActiveCfg = Release|Any CPU
		{5F3C7D38-E2BC-4EE9-8BC6-DBED3BE0B62E}.Release|Any CPU.Build.0 = Release|Any CPU
		{5F3C7D38-E2BC-4EE9-8BC6-DBED3BE0B62E}.Release|Mixed Platforms.ActiveCfg = Release|Any CPU
		{5F3C7D38-E2BC-4EE9-8BC6-DBED3BE0B62E}.Release|Mixed Platforms.Build.0 = Release|Any CPU
		{5F3C7D38-E2BC-4EE9-8BC6-DBED3BE0B62E}.Release|x86.ActiveCfg = Release|Any CPU
		{5CB8BA5B-8D31-495B-A495-641B9457F983}.Debug|Any CPU.ActiveCfg = Debug|Any CPU
		{5CB8BA5B-8D31-495B-A495-641B9457F983}.Debug|Any CPU.Build.0 = Debug|Any CPU
		{5CB8BA5B-8D31-495B-A495-641B9457F983}.Debug|Mixed Platforms.ActiveCfg = Debug|Any CPU
		{5CB8BA5B-8D31-495B-A495-641B9457F983}.Debug|Mixed Platforms.Build.0 = Debug|Any CPU
		{5CB8BA5B-8D31-495B-A495-641B9457F983}.Debug|x86.ActiveCfg = Debug|Any CPU
		{5CB8BA5B-8D31-495B-A495-641B9457F983}.Debug|x86.Build.0 = Debug|Any CPU
		{5CB8BA5B-8D31-495B-A495-641B9457F983}.Release|Any CPU.ActiveCfg = Release|Any CPU
		{5CB8BA5B-8D31-495B-A495-641B9457F983}.Release|Any CPU.Build.0 = Release|Any CPU
		{5CB8BA5B-8D31-495B-A495-641B9457F983}.Release|Mixed Platforms.ActiveCfg = Release|Any CPU
		{5CB8BA5B-8D31-495B-A495-641B9457F983}.Release|Mixed Platforms.Build.0 = Release|Any CPU
		{5CB8BA5B-8D31-495B-A495-641B9457F983}.Release|x86.ActiveCfg = Release|Any CPU
		{B9417C93-6C76-41BE-9AC9-45FAE5D22CA7}.Debug|Any CPU.ActiveCfg = Debug|Any CPU
		{B9417C93-6C76-41BE-9AC9-45FAE5D22CA7}.Debug|Any CPU.Build.0 = Debug|Any CPU
		{B9417C93-6C76-41BE-9AC9-45FAE5D22CA7}.Debug|Mixed Platforms.ActiveCfg = Debug|Any CPU
		{B9417C93-6C76-41BE-9AC9-45FAE5D22CA7}.Debug|Mixed Platforms.Build.0 = Debug|Any CPU
		{B9417C93-6C76-41BE-9AC9-45FAE5D22CA7}.Debug|x86.ActiveCfg = Debug|Any CPU
		{B9417C93-6C76-41BE-9AC9-45FAE5D22CA7}.Release|Any CPU.ActiveCfg = Release|Any CPU
		{B9417C93-6C76-41BE-9AC9-45FAE5D22CA7}.Release|Any CPU.Build.0 = Release|Any CPU
		{B9417C93-6C76-41BE-9AC9-45FAE5D22CA7}.Release|Mixed Platforms.ActiveCfg = Release|Any CPU
		{B9417C93-6C76-41BE-9AC9-45FAE5D22CA7}.Release|Mixed Platforms.Build.0 = Release|Any CPU
		{B9417C93-6C76-41BE-9AC9-45FAE5D22CA7}.Release|x86.ActiveCfg = Release|Any CPU
		{70622F41-FFE3-4DDF-9587-7DDEC70616DC}.Debug|Any CPU.ActiveCfg = Debug|Any CPU
		{70622F41-FFE3-4DDF-9587-7DDEC70616DC}.Debug|Any CPU.Build.0 = Debug|Any CPU
		{70622F41-FFE3-4DDF-9587-7DDEC70616DC}.Debug|Mixed Platforms.ActiveCfg = Debug|Any CPU
		{70622F41-FFE3-4DDF-9587-7DDEC70616DC}.Debug|Mixed Platforms.Build.0 = Debug|Any CPU
		{70622F41-FFE3-4DDF-9587-7DDEC70616DC}.Debug|x86.ActiveCfg = Debug|Any CPU
		{70622F41-FFE3-4DDF-9587-7DDEC70616DC}.Release|Any CPU.ActiveCfg = Release|Any CPU
		{70622F41-FFE3-4DDF-9587-7DDEC70616DC}.Release|Any CPU.Build.0 = Release|Any CPU
		{70622F41-FFE3-4DDF-9587-7DDEC70616DC}.Release|Mixed Platforms.ActiveCfg = Release|Any CPU
		{70622F41-FFE3-4DDF-9587-7DDEC70616DC}.Release|Mixed Platforms.Build.0 = Release|Any CPU
		{70622F41-FFE3-4DDF-9587-7DDEC70616DC}.Release|x86.ActiveCfg = Release|Any CPU
		{BC25F1A1-134A-474D-8382-CDF95D8D6025}.Debug|Any CPU.ActiveCfg = Debug|Any CPU
		{BC25F1A1-134A-474D-8382-CDF95D8D6025}.Debug|Any CPU.Build.0 = Debug|Any CPU
		{BC25F1A1-134A-474D-8382-CDF95D8D6025}.Debug|Mixed Platforms.ActiveCfg = Debug|Any CPU
		{BC25F1A1-134A-474D-8382-CDF95D8D6025}.Debug|Mixed Platforms.Build.0 = Debug|Any CPU
		{BC25F1A1-134A-474D-8382-CDF95D8D6025}.Debug|x86.ActiveCfg = Debug|Any CPU
		{BC25F1A1-134A-474D-8382-CDF95D8D6025}.Release|Any CPU.ActiveCfg = Release|Any CPU
		{BC25F1A1-134A-474D-8382-CDF95D8D6025}.Release|Any CPU.Build.0 = Release|Any CPU
		{BC25F1A1-134A-474D-8382-CDF95D8D6025}.Release|Mixed Platforms.ActiveCfg = Release|Any CPU
		{BC25F1A1-134A-474D-8382-CDF95D8D6025}.Release|Mixed Platforms.Build.0 = Release|Any CPU
		{BC25F1A1-134A-474D-8382-CDF95D8D6025}.Release|x86.ActiveCfg = Release|Any CPU
		{17037F71-18D0-495B-8CBE-6A9E36B372C7}.Debug|Any CPU.ActiveCfg = Debug|Any CPU
		{17037F71-18D0-495B-8CBE-6A9E36B372C7}.Debug|Any CPU.Build.0 = Debug|Any CPU
		{17037F71-18D0-495B-8CBE-6A9E36B372C7}.Debug|Mixed Platforms.ActiveCfg = Debug|Any CPU
		{17037F71-18D0-495B-8CBE-6A9E36B372C7}.Debug|Mixed Platforms.Build.0 = Debug|Any CPU
		{17037F71-18D0-495B-8CBE-6A9E36B372C7}.Debug|x86.ActiveCfg = Debug|Any CPU
		{17037F71-18D0-495B-8CBE-6A9E36B372C7}.Release|Any CPU.ActiveCfg = Release|Any CPU
		{17037F71-18D0-495B-8CBE-6A9E36B372C7}.Release|Any CPU.Build.0 = Release|Any CPU
		{17037F71-18D0-495B-8CBE-6A9E36B372C7}.Release|Mixed Platforms.ActiveCfg = Release|Any CPU
		{17037F71-18D0-495B-8CBE-6A9E36B372C7}.Release|Mixed Platforms.Build.0 = Release|Any CPU
		{17037F71-18D0-495B-8CBE-6A9E36B372C7}.Release|x86.ActiveCfg = Release|Any CPU
		{D3BCE467-5FF1-435F-87CC-EA09BF5EAFF3}.Debug|Any CPU.ActiveCfg = Debug|Any CPU
		{D3BCE467-5FF1-435F-87CC-EA09BF5EAFF3}.Debug|Any CPU.Build.0 = Debug|Any CPU
		{D3BCE467-5FF1-435F-87CC-EA09BF5EAFF3}.Debug|Mixed Platforms.ActiveCfg = Debug|Any CPU
		{D3BCE467-5FF1-435F-87CC-EA09BF5EAFF3}.Debug|Mixed Platforms.Build.0 = Debug|Any CPU
		{D3BCE467-5FF1-435F-87CC-EA09BF5EAFF3}.Debug|x86.ActiveCfg = Debug|Any CPU
		{D3BCE467-5FF1-435F-87CC-EA09BF5EAFF3}.Release|Any CPU.ActiveCfg = Release|Any CPU
		{D3BCE467-5FF1-435F-87CC-EA09BF5EAFF3}.Release|Any CPU.Build.0 = Release|Any CPU
		{D3BCE467-5FF1-435F-87CC-EA09BF5EAFF3}.Release|Mixed Platforms.ActiveCfg = Release|Any CPU
		{D3BCE467-5FF1-435F-87CC-EA09BF5EAFF3}.Release|Mixed Platforms.Build.0 = Release|Any CPU
		{D3BCE467-5FF1-435F-87CC-EA09BF5EAFF3}.Release|x86.ActiveCfg = Release|Any CPU
		{95CBC2F1-8F41-4DE1-BFF5-C791608DB888}.Debug|Any CPU.ActiveCfg = Debug|Any CPU
		{95CBC2F1-8F41-4DE1-BFF5-C791608DB888}.Debug|Any CPU.Build.0 = Debug|Any CPU
		{95CBC2F1-8F41-4DE1-BFF5-C791608DB888}.Debug|Mixed Platforms.ActiveCfg = Debug|Any CPU
		{95CBC2F1-8F41-4DE1-BFF5-C791608DB888}.Debug|Mixed Platforms.Build.0 = Debug|Any CPU
		{95CBC2F1-8F41-4DE1-BFF5-C791608DB888}.Debug|x86.ActiveCfg = Debug|Any CPU
		{95CBC2F1-8F41-4DE1-BFF5-C791608DB888}.Release|Any CPU.ActiveCfg = Release|Any CPU
		{95CBC2F1-8F41-4DE1-BFF5-C791608DB888}.Release|Any CPU.Build.0 = Release|Any CPU
		{95CBC2F1-8F41-4DE1-BFF5-C791608DB888}.Release|Mixed Platforms.ActiveCfg = Release|Any CPU
		{95CBC2F1-8F41-4DE1-BFF5-C791608DB888}.Release|Mixed Platforms.Build.0 = Release|Any CPU
		{95CBC2F1-8F41-4DE1-BFF5-C791608DB888}.Release|x86.ActiveCfg = Release|Any CPU
		{647B327E-57CB-4B07-B6C7-CB3ABB083938}.Debug|Any CPU.ActiveCfg = Debug|Any CPU
		{647B327E-57CB-4B07-B6C7-CB3ABB083938}.Debug|Any CPU.Build.0 = Debug|Any CPU
		{647B327E-57CB-4B07-B6C7-CB3ABB083938}.Debug|Mixed Platforms.ActiveCfg = Debug|Any CPU
		{647B327E-57CB-4B07-B6C7-CB3ABB083938}.Debug|Mixed Platforms.Build.0 = Debug|Any CPU
		{647B327E-57CB-4B07-B6C7-CB3ABB083938}.Debug|x86.ActiveCfg = Debug|Any CPU
		{647B327E-57CB-4B07-B6C7-CB3ABB083938}.Release|Any CPU.ActiveCfg = Release|Any CPU
		{647B327E-57CB-4B07-B6C7-CB3ABB083938}.Release|Any CPU.Build.0 = Release|Any CPU
		{647B327E-57CB-4B07-B6C7-CB3ABB083938}.Release|Mixed Platforms.ActiveCfg = Release|Any CPU
		{647B327E-57CB-4B07-B6C7-CB3ABB083938}.Release|Mixed Platforms.Build.0 = Release|Any CPU
		{647B327E-57CB-4B07-B6C7-CB3ABB083938}.Release|x86.ActiveCfg = Release|Any CPU
	EndGlobalSection
	GlobalSection(SolutionProperties) = preSolution
		HideSolutionNode = FALSE
	EndGlobalSection
	GlobalSection(NestedProjects) = preSolution
		{7DF73DD4-2A65-47B2-BD34-350B7082468D} = {1B5EDE08-21A6-43FC-A781-BB8BC03B221F}
		{D336009D-51F3-4834-BA7D-85B989FB5BC4} = {1B5EDE08-21A6-43FC-A781-BB8BC03B221F}
		{5F3C7D38-E2BC-4EE9-8BC6-DBED3BE0B62E} = {1B5EDE08-21A6-43FC-A781-BB8BC03B221F}
		{0112369F-0DFC-4D9C-9992-127C7F3D2B95} = {1B5EDE08-21A6-43FC-A781-BB8BC03B221F}
		{25A3EEBB-26AE-425D-8020-FAC5641C8DFA} = {1A7FA13E-17EE-4E0C-84A9-E34D17460CAC}
		{F227C109-26F6-4E6B-90A7-2B4F4151BB13} = {1A7FA13E-17EE-4E0C-84A9-E34D17460CAC}
		{904AEFE5-3470-4C56-A7CD-70E1B5E0EF64} = {7DF73DD4-2A65-47B2-BD34-350B7082468D}
		{5CB8BA5B-8D31-495B-A495-641B9457F983} = {7DF73DD4-2A65-47B2-BD34-350B7082468D}
		{17037F71-18D0-495B-8CBE-6A9E36B372C7} = {7DF73DD4-2A65-47B2-BD34-350B7082468D}
		{B9417C93-6C76-41BE-9AC9-45FAE5D22CA7} = {BAC5A29F-7DD7-415C-B31F-CFB82CE627DD}
		{70622F41-FFE3-4DDF-9587-7DDEC70616DC} = {25A3EEBB-26AE-425D-8020-FAC5641C8DFA}
		{BC25F1A1-134A-474D-8382-CDF95D8D6025} = {25A3EEBB-26AE-425D-8020-FAC5641C8DFA}
		{D3BCE467-5FF1-435F-87CC-EA09BF5EAFF3} = {F227C109-26F6-4E6B-90A7-2B4F4151BB13}
		{5E7F0058-2824-4FAF-972C-6E431429D0B9} = {99803B49-7EA3-4AE4-9357-143BE0899E89}
		{4A8AAECD-C5F1-430E-8381-29508C544C69} = {99803B49-7EA3-4AE4-9357-143BE0899E89}
		{95CBC2F1-8F41-4DE1-BFF5-C791608DB888} = {4A8AAECD-C5F1-430E-8381-29508C544C69}
		{647B327E-57CB-4B07-B6C7-CB3ABB083938} = {0112369F-0DFC-4D9C-9992-127C7F3D2B95}
	EndGlobalSection
EndGlobal
